
Microsoft Visual Studio Solution File, Format Version 12.00
# Visual Studio Version 17
VisualStudioVersion = 17.5.33627.172
MinimumVisualStudioVersion = 10.0.40219.1
Project("{9A19103F-16F7-4668-BE54-9A1E7A4F7556}") = "DataAccess", "DataAccess\DataAccess.csproj", "{221A2C4C-B2CE-445F-8413-14C2CBCE9CF3}"
EndProject
Project("{9A19103F-16F7-4668-BE54-9A1E7A4F7556}") = "Web", "Web\Web.csproj", "{302B4DF5-7AF5-45F7-981B-8E71AAAFF5A2}"
EndProject
Global
	GlobalSection(SolutionConfigurationPlatforms) = preSolution
		Debug|Any CPU = Debug|Any CPU
		Release|Any CPU = Release|Any CPU
	EndGlobalSection
	GlobalSection(ProjectConfigurationPlatforms) = postSolution
		{221A2C4C-B2CE-445F-8413-14C2CBCE9CF3}.Debug|Any CPU.ActiveCfg = Debug|Any CPU
		{221A2C4C-B2CE-445F-8413-14C2CBCE9CF3}.Debug|Any CPU.Build.0 = Debug|Any CPU
		{221A2C4C-B2CE-445F-8413-14C2CBCE9CF3}.Release|Any CPU.ActiveCfg = Release|Any CPU
		{221A2C4C-B2CE-445F-8413-14C2CBCE9CF3}.Release|Any CPU.Build.0 = Release|Any CPU
		{302B4DF5-7AF5-45F7-981B-8E71AAAFF5A2}.Debug|Any CPU.ActiveCfg = Debug|Any CPU
		{302B4DF5-7AF5-45F7-981B-8E71AAAFF5A2}.Debug|Any CPU.Build.0 = Debug|Any CPU
		{302B4DF5-7AF5-45F7-981B-8E71AAAFF5A2}.Release|Any CPU.ActiveCfg = Release|Any CPU
		{302B4DF5-7AF5-45F7-981B-8E71AAAFF5A2}.Release|Any CPU.Build.0 = Release|Any CPU
	EndGlobalSection
	GlobalSection(SolutionProperties) = preSolution
		HideSolutionNode = FALSE
	EndGlobalSection
	GlobalSection(ExtensibilityGlobals) = postSolution
		SolutionGuid = {071DF90E-9B43-4205-999F-03BB8D52E582}
	EndGlobalSection
EndGlobal
